<?xml version="1.0" encoding="utf-8"?>
<Project ToolsVersion="4.0" xmlns="http://schemas.microsoft.com/developer/msbuild/2003">
  <ItemGroup>
    <Filter Include="ImGUI">
      <UniqueIdentifier>{a5ecbb77-4e1a-4de3-a259-7e628259a86f}</UniqueIdentifier>
    </Filter>
    <Filter Include="Core">
      <UniqueIdentifier>{4FC737F1-C7A5-4376-A066-2A32D752A2FF}</UniqueIdentifier>
      <Extensions>cpp;c;cc;cxx;def;odl;idl;hpj;bat;asm;asmx</Extensions>
    </Filter>
    <Filter Include="Modules">
      <UniqueIdentifier>{4b44eb76-66aa-4968-8978-aa9aa5f78921}</UniqueIdentifier>
    </Filter>
    <Filter Include="Tools">
      <UniqueIdentifier>{67DA6AB6-F800-4c08-8B7A-83BB121AAD01}</UniqueIdentifier>
      <Extensions>rc;ico;cur;bmp;dlg;rc2;rct;bin;rgs;gif;jpg;jpeg;jpe;resx;tiff;tif;png;wav;mfcribbon-ms</Extensions>
    </Filter>
    <Filter Include="GameObject">
      <UniqueIdentifier>{acbf1dd9-3267-41a3-ba54-ab516f3d3ceb}</UniqueIdentifier>
    </Filter>
    <Filter Include="Editor">
      <UniqueIdentifier>{43d565fd-ed00-4238-838b-8fa82e5a0c68}</UniqueIdentifier>
    </Filter>
    <Filter Include="Resources">
      <UniqueIdentifier>{9f285e1d-23d8-40e5-8337-6581e919cc94}</UniqueIdentifier>
    </Filter>
    <Filter Include="GameObject\Components">
      <UniqueIdentifier>{53072041-63bc-407e-90fd-7732a6702bee}</UniqueIdentifier>
    </Filter>
    <Filter Include="Scripting">
      <UniqueIdentifier>{9bf1e37f-29ae-4772-b6e1-c4a2a3903ffb}</UniqueIdentifier>
    </Filter>
  </ItemGroup>
  <ItemGroup>
    <ClCompile Include="main.cpp">
      <Filter>Core</Filter>
    </ClCompile>
    <ClCompile Include="Engine.cpp">
      <Filter>Core</Filter>
    </ClCompile>
    <ClCompile Include="ModuleInput.cpp">
      <Filter>Modules</Filter>
    </ClCompile>
    <ClCompile Include="SFML-2.4.2\include\imgui-1.49\imgui.cpp">
      <Filter>ImGUI</Filter>
    </ClCompile>
    <ClCompile Include="SFML-2.4.2\include\imgui-1.49\imgui_draw.cpp">
      <Filter>ImGUI</Filter>
    </ClCompile>
    <ClCompile Include="SFML-2.4.2\include\imgui-1.49\imgui-SFML.cpp">
      <Filter>ImGUI</Filter>
    </ClCompile>
    <ClCompile Include="ModuleGraphics.cpp">
      <Filter>Modules</Filter>
    </ClCompile>
    <ClCompile Include="ModuleAudio.cpp">
      <Filter>Modules</Filter>
    </ClCompile>
    <ClCompile Include="GameObject.cpp">
      <Filter>GameObject</Filter>
    </ClCompile>
    <ClCompile Include="Component.cpp">
      <Filter>GameObject\Components</Filter>
    </ClCompile>
    <ClCompile Include="ModuleEditor.cpp">
      <Filter>Modules</Filter>
    </ClCompile>
    <ClCompile Include="Panel.cpp">
      <Filter>Editor</Filter>
    </ClCompile>
    <ClCompile Include="PanelHierarchy.cpp">
      <Filter>Editor</Filter>
    </ClCompile>
    <ClCompile Include="ModuleSceneManager.cpp">
      <Filter>Modules</Filter>
    </ClCompile>
    <ClCompile Include="PanelAssets.cpp">
      <Filter>Editor</Filter>
    </ClCompile>
    <ClCompile Include="ComponentTransform.cpp">
      <Filter>GameObject\Components</Filter>
    </ClCompile>
    <ClCompile Include="SFML-2.4.2\include\imgui-1.49\imguidock.cpp">
      <Filter>ImGUI</Filter>
    </ClCompile>
    <ClCompile Include="PanelScene.cpp">
      <Filter>Editor</Filter>
    </ClCompile>
    <ClCompile Include="PanelConsole.cpp">
      <Filter>Editor</Filter>
    </ClCompile>
    <ClCompile Include="ModuleEngineWindow.cpp">
      <Filter>Modules</Filter>
    </ClCompile>
    <ClCompile Include="ModuleSceneWindow.cpp">
      <Filter>Modules</Filter>
    </ClCompile>
    <ClCompile Include="ComponentSpriteRenderer.cpp">
      <Filter>GameObject\Components</Filter>
    </ClCompile>
    <ClCompile Include="Data.cpp">
      <Filter>Tools</Filter>
    </ClCompile>
    <ClCompile Include="Globals.cpp">
      <Filter>Tools</Filter>
    </ClCompile>
    <ClCompile Include="tinyfiledialogs.c">
      <Filter>Tools</Filter>
    </ClCompile>
    <ClCompile Include="Resource.cpp">
      <Filter>Resources</Filter>
    </ClCompile>
    <ClCompile Include="PanelProperties.cpp">
      <Filter>Editor</Filter>
    </ClCompile>
    <ClCompile Include="LuaScript.cpp">
      <Filter>Scripting</Filter>
    </ClCompile>
    <ClCompile Include="Script.cpp">
      <Filter>Scripting</Filter>
    </ClCompile>
    <ClCompile Include="ComponentScript.cpp">
      <Filter>GameObject\Components</Filter>
    </ClCompile>
  </ItemGroup>
  <ItemGroup>
    <ClInclude Include="Engine.h">
      <Filter>Core</Filter>
    </ClInclude>
    <ClInclude Include="Module.h">
      <Filter>Core</Filter>
    </ClInclude>
    <ClInclude Include="ModuleInput.h">
      <Filter>Modules</Filter>
    </ClInclude>
    <ClInclude Include="ModuleGraphics.h">
      <Filter>Modules</Filter>
    </ClInclude>
    <ClInclude Include="ModuleAudio.h">
      <Filter>Modules</Filter>
    </ClInclude>
    <ClInclude Include="GameObject.h">
      <Filter>GameObject</Filter>
    </ClInclude>
    <ClInclude Include="Component.h">
      <Filter>GameObject\Components</Filter>
    </ClInclude>
    <ClInclude Include="ModuleEditor.h">
      <Filter>Modules</Filter>
    </ClInclude>
    <ClInclude Include="Panel.h">
      <Filter>Editor</Filter>
    </ClInclude>
    <ClInclude Include="PanelHierarchy.h">
      <Filter>Editor</Filter>
    </ClInclude>
    <ClInclude Include="ModuleSceneManager.h">
      <Filter>Modules</Filter>
    </ClInclude>
    <ClInclude Include="PanelAssets.h">
      <Filter>Editor</Filter>
    </ClInclude>
    <ClInclude Include="ComponentTransform.h">
      <Filter>GameObject\Components</Filter>
    </ClInclude>
    <ClInclude Include="SFML-2.4.2\include\imgui-1.49\imguidock.h">
      <Filter>ImGUI</Filter>
    </ClInclude>
    <ClInclude Include="PanelScene.h">
      <Filter>Editor</Filter>
    </ClInclude>
    <ClInclude Include="PanelConsole.h">
      <Filter>Editor</Filter>
    </ClInclude>
    <ClInclude Include="ModuleEngineWindow.h">
      <Filter>Modules</Filter>
    </ClInclude>
    <ClInclude Include="ModuleSceneWindow.h">
      <Filter>Modules</Filter>
    </ClInclude>
    <ClInclude Include="ComponentSpriteRenderer.h">
      <Filter>GameObject\Components</Filter>
    </ClInclude>
    <ClInclude Include="Data.h">
      <Filter>Tools</Filter>
    </ClInclude>
    <ClInclude Include="Globals.h">
      <Filter>Tools</Filter>
    </ClInclude>
    <ClInclude Include="tinyfiledialogs.h">
      <Filter>Tools</Filter>
    </ClInclude>
    <ClInclude Include="Resource.h">
      <Filter>Resources</Filter>
    </ClInclude>
    <ClInclude Include="PanelProperties.h">
      <Filter>Editor</Filter>
    </ClInclude>
    <ClInclude Include="LuaScript.h">
      <Filter>Scripting</Filter>
    </ClInclude>
    <ClInclude Include="Script.h">
      <Filter>Scripting</Filter>
    </ClInclude>
    <ClInclude Include="ComponentScript.h">
      <Filter>GameObject\Components</Filter>
    </ClInclude>
  </ItemGroup>
</Project>